// !$*UTF8*$!
{
	archiveVersion = 1;
	classes = {
	};
	objectVersion = 56;
	objects = {

/* Begin PBXBuildFile section */
		FA0B5A1C2A35F1DD003DE528 /* CrashBlock.swift in Sources */ = {isa = PBXBuildFile; fileRef = FA0B5A1B2A35F1DD003DE528 /* CrashBlock.swift */; };
		FAB728962A35AB8B00B73461 /* KSCrashSampleApp.swift in Sources */ = {isa = PBXBuildFile; fileRef = FAB728952A35AB8B00B73461 /* KSCrashSampleApp.swift */; };
		FAB728982A35AB8B00B73461 /* ContentView.swift in Sources */ = {isa = PBXBuildFile; fileRef = FAB728972A35AB8B00B73461 /* ContentView.swift */; };
		FAB7289A2A35AB8D00B73461 /* Assets.xcassets in Resources */ = {isa = PBXBuildFile; fileRef = FAB728992A35AB8D00B73461 /* Assets.xcassets */; };
		FAB7289D2A35AB8D00B73461 /* Preview Assets.xcassets in Resources */ = {isa = PBXBuildFile; fileRef = FAB7289C2A35AB8D00B73461 /* Preview Assets.xcassets */; };
		FAB728A52A35AC7300B73461 /* KSCrash in Frameworks */ = {isa = PBXBuildFile; productRef = FAB728A42A35AC7300B73461 /* KSCrash */; };
		FAB728AB2A35B93200B73461 /* libc++.tbd in Frameworks */ = {isa = PBXBuildFile; fileRef = FAB728AA2A35B93200B73461 /* libc++.tbd */; };
		FAB728AD2A35B93C00B73461 /* libz.tbd in Frameworks */ = {isa = PBXBuildFile; fileRef = FAB728AC2A35B93C00B73461 /* libz.tbd */; };
		FAB728AF2A35B94700B73461 /* MessageUI.framework in Frameworks */ = {isa = PBXBuildFile; fileRef = FAB728AE2A35B94700B73461 /* MessageUI.framework */; };
		FAB728B12A35B95100B73461 /* SystemConfiguration.framework in Frameworks */ = {isa = PBXBuildFile; fileRef = FAB728B02A35B95100B73461 /* SystemConfiguration.framework */; };
/* End PBXBuildFile section */

/* Begin PBXFileReference section */
		FA0B5A1B2A35F1DD003DE528 /* CrashBlock.swift */ = {isa = PBXFileReference; lastKnownFileType = sourcecode.swift; path = CrashBlock.swift; sourceTree = "<group>"; };
		FAB728922A35AB8B00B73461 /* KSCrashSample.app */ = {isa = PBXFileReference; explicitFileType = wrapper.application; includeInIndex = 0; path = KSCrashSample.app; sourceTree = BUILT_PRODUCTS_DIR; };
		FAB728952A35AB8B00B73461 /* KSCrashSampleApp.swift */ = {isa = PBXFileReference; lastKnownFileType = sourcecode.swift; path = KSCrashSampleApp.swift; sourceTree = "<group>"; };
		FAB728972A35AB8B00B73461 /* ContentView.swift */ = {isa = PBXFileReference; lastKnownFileType = sourcecode.swift; path = ContentView.swift; sourceTree = "<group>"; };
		FAB728992A35AB8D00B73461 /* Assets.xcassets */ = {isa = PBXFileReference; lastKnownFileType = folder.assetcatalog; path = Assets.xcassets; sourceTree = "<group>"; };
		FAB7289C2A35AB8D00B73461 /* Preview Assets.xcassets */ = {isa = PBXFileReference; lastKnownFileType = folder.assetcatalog; path = "Preview Assets.xcassets"; sourceTree = "<group>"; };
		FAB728AA2A35B93200B73461 /* libc++.tbd */ = {isa = PBXFileReference; lastKnownFileType = "sourcecode.text-based-dylib-definition"; name = "libc++.tbd"; path = "usr/lib/libc++.tbd"; sourceTree = SDKROOT; };
		FAB728AC2A35B93C00B73461 /* libz.tbd */ = {isa = PBXFileReference; lastKnownFileType = "sourcecode.text-based-dylib-definition"; name = libz.tbd; path = usr/lib/libz.tbd; sourceTree = SDKROOT; };
		FAB728AE2A35B94700B73461 /* MessageUI.framework */ = {isa = PBXFileReference; lastKnownFileType = wrapper.framework; name = MessageUI.framework; path = System/Library/Frameworks/MessageUI.framework; sourceTree = SDKROOT; };
		FAB728B02A35B95100B73461 /* SystemConfiguration.framework */ = {isa = PBXFileReference; lastKnownFileType = wrapper.framework; name = SystemConfiguration.framework; path = System/Library/Frameworks/SystemConfiguration.framework; sourceTree = SDKROOT; };
/* End PBXFileReference section */

/* Begin PBXFrameworksBuildPhase section */
		FAB7288F2A35AB8B00B73461 /* Frameworks */ = {
			isa = PBXFrameworksBuildPhase;
			buildActionMask = 2147483647;
			files = (
				FAB728B12A35B95100B73461 /* SystemConfiguration.framework in Frameworks */,
				FAB728AF2A35B94700B73461 /* MessageUI.framework in Frameworks */,
				FAB728AD2A35B93C00B73461 /* libz.tbd in Frameworks */,
				FAB728AB2A35B93200B73461 /* libc++.tbd in Frameworks */,
				FAB728A52A35AC7300B73461 /* KSCrash in Frameworks */,
			);
			runOnlyForDeploymentPostprocessing = 0;
		};
/* End PBXFrameworksBuildPhase section */

/* Begin PBXGroup section */
		FAB728892A35AB8B00B73461 = {
			isa = PBXGroup;
			children = (
				FAB728942A35AB8B00B73461 /* KSCrashSample */,
				FAB728932A35AB8B00B73461 /* Products */,
				FAB728A92A35B93200B73461 /* Frameworks */,
			);
			sourceTree = "<group>";
		};
		FAB728932A35AB8B00B73461 /* Products */ = {
			isa = PBXGroup;
			children = (
				FAB728922A35AB8B00B73461 /* KSCrashSample.app */,
			);
			name = Products;
			sourceTree = "<group>";
		};
		FAB728942A35AB8B00B73461 /* KSCrashSample */ = {
			isa = PBXGroup;
			children = (
				FAB728952A35AB8B00B73461 /* KSCrashSampleApp.swift */,
				FAB728972A35AB8B00B73461 /* ContentView.swift */,
				FAB728992A35AB8D00B73461 /* Assets.xcassets */,
				FAB7289B2A35AB8D00B73461 /* Preview Content */,
				FA0B5A1B2A35F1DD003DE528 /* CrashBlock.swift */,
			);
			path = KSCrashSample;
			sourceTree = "<group>";
		};
		FAB7289B2A35AB8D00B73461 /* Preview Content */ = {
			isa = PBXGroup;
			children = (
				FAB7289C2A35AB8D00B73461 /* Preview Assets.xcassets */,
			);
			path = "Preview Content";
			sourceTree = "<group>";
		};
		FAB728A92A35B93200B73461 /* Frameworks */ = {
			isa = PBXGroup;
			children = (
				FAB728B02A35B95100B73461 /* SystemConfiguration.framework */,
				FAB728AE2A35B94700B73461 /* MessageUI.framework */,
				FAB728AC2A35B93C00B73461 /* libz.tbd */,
				FAB728AA2A35B93200B73461 /* libc++.tbd */,
			);
			name = Frameworks;
			sourceTree = "<group>";
		};
/* End PBXGroup section */

/* Begin PBXNativeTarget section */
		FAB728912A35AB8B00B73461 /* KSCrashSample */ = {
			isa = PBXNativeTarget;
			buildConfigurationList = FAB728A02A35AB8D00B73461 /* Build configuration list for PBXNativeTarget "KSCrashSample" */;
			buildPhases = (
				FAB7288E2A35AB8B00B73461 /* Sources */,
				FAB7288F2A35AB8B00B73461 /* Frameworks */,
				FAB728902A35AB8B00B73461 /* Resources */,
			);
			buildRules = (
			);
			dependencies = (
				FAB728A82A35B5E200B73461 /* PBXTargetDependency */,
			);
			name = KSCrashSample;
			packageProductDependencies = (
				FAB728A42A35AC7300B73461 /* KSCrash */,
			);
			productName = KSCrashSample;
			productReference = FAB728922A35AB8B00B73461 /* KSCrashSample.app */;
			productType = "com.apple.product-type.application";
		};
/* End PBXNativeTarget section */

/* Begin PBXProject section */
		FAB7288A2A35AB8B00B73461 /* Project object */ = {
			isa = PBXProject;
			attributes = {
				BuildIndependentTargetsInParallel = 1;
				LastSwiftUpdateCheck = 1420;
				LastUpgradeCheck = 1420;
				TargetAttributes = {
					FAB728912A35AB8B00B73461 = {
						CreatedOnToolsVersion = 14.2;
					};
				};
			};
			buildConfigurationList = FAB7288D2A35AB8B00B73461 /* Build configuration list for PBXProject "KSCrashSample" */;
			compatibilityVersion = "Xcode 14.0";
			developmentRegion = en;
			hasScannedForEncodings = 0;
			knownRegions = (
				en,
				Base,
			);
			mainGroup = FAB728892A35AB8B00B73461;
			packageReferences = (
				FAB728A32A35AC7300B73461 /* XCRemoteSwiftPackageReference "KSCrash" */,
			);
			productRefGroup = FAB728932A35AB8B00B73461 /* Products */;
			projectDirPath = "";
			projectRoot = "";
			targets = (
				FAB728912A35AB8B00B73461 /* KSCrashSample */,
			);
		};
/* End PBXProject section */

/* Begin PBXResourcesBuildPhase section */
		FAB728902A35AB8B00B73461 /* Resources */ = {
			isa = PBXResourcesBuildPhase;
			buildActionMask = 2147483647;
			files = (
				FAB7289D2A35AB8D00B73461 /* Preview Assets.xcassets in Resources */,
				FAB7289A2A35AB8D00B73461 /* Assets.xcassets in Resources */,
			);
			runOnlyForDeploymentPostprocessing = 0;
		};
/* End PBXResourcesBuildPhase section */

/* Begin PBXSourcesBuildPhase section */
		FAB7288E2A35AB8B00B73461 /* Sources */ = {
			isa = PBXSourcesBuildPhase;
			buildActionMask = 2147483647;
			files = (
				FAB728982A35AB8B00B73461 /* ContentView.swift in Sources */,
				FA0B5A1C2A35F1DD003DE528 /* CrashBlock.swift in Sources */,
				FAB728962A35AB8B00B73461 /* KSCrashSampleApp.swift in Sources */,
			);
			runOnlyForDeploymentPostprocessing = 0;
		};
/* End PBXSourcesBuildPhase section */

/* Begin PBXTargetDependency section */
		FAB728A82A35B5E200B73461 /* PBXTargetDependency */ = {
			isa = PBXTargetDependency;
			productRef = FAB728A72A35B5E200B73461 /* KSCrash */;
		};
/* End PBXTargetDependency section */

/* Begin XCBuildConfiguration section */
		FAB7289E2A35AB8D00B73461 /* Debug */ = {
			isa = XCBuildConfiguration;
			buildSettings = {
				ALWAYS_SEARCH_USER_PATHS = NO;
				CLANG_ANALYZER_NONNULL = YES;
				CLANG_ANALYZER_NUMBER_OBJECT_CONVERSION = YES_AGGRESSIVE;
				CLANG_CXX_LANGUAGE_STANDARD = "gnu++20";
				CLANG_ENABLE_MODULES = YES;
				CLANG_ENABLE_OBJC_ARC = YES;
				CLANG_ENABLE_OBJC_WEAK = YES;
				CLANG_WARN_BLOCK_CAPTURE_AUTORELEASING = YES;
				CLANG_WARN_BOOL_CONVERSION = YES;
				CLANG_WARN_COMMA = YES;
				CLANG_WARN_CONSTANT_CONVERSION = YES;
				CLANG_WARN_DEPRECATED_OBJC_IMPLEMENTATIONS = YES;
				CLANG_WARN_DIRECT_OBJC_ISA_USAGE = YES_ERROR;
				CLANG_WARN_DOCUMENTATION_COMMENTS = YES;
				CLANG_WARN_EMPTY_BODY = YES;
				CLANG_WARN_ENUM_CONVERSION = YES;
				CLANG_WARN_INFINITE_RECURSION = YES;
				CLANG_WARN_INT_CONVERSION = YES;
				CLANG_WARN_NON_LITERAL_NULL_CONVERSION = YES;
				CLANG_WARN_OBJC_IMPLICIT_RETAIN_SELF = YES;
				CLANG_WARN_OBJC_LITERAL_CONVERSION = YES;
				CLANG_WARN_OBJC_ROOT_CLASS = YES_ERROR;
				CLANG_WARN_QUOTED_INCLUDE_IN_FRAMEWORK_HEADER = YES;
				CLANG_WARN_RANGE_LOOP_ANALYSIS = YES;
				CLANG_WARN_STRICT_PROTOTYPES = YES;
				CLANG_WARN_SUSPICIOUS_MOVE = YES;
				CLANG_WARN_UNGUARDED_AVAILABILITY = YES_AGGRESSIVE;
				CLANG_WARN_UNREACHABLE_CODE = YES;
				CLANG_WARN__DUPLICATE_METHOD_MATCH = YES;
				COPY_PHASE_STRIP = NO;
				DEBUG_INFORMATION_FORMAT = dwarf;
				ENABLE_STRICT_OBJC_MSGSEND = YES;
				ENABLE_TESTABILITY = YES;
				GCC_C_LANGUAGE_STANDARD = gnu11;
				GCC_DYNAMIC_NO_PIC = NO;
				GCC_NO_COMMON_BLOCKS = YES;
				GCC_OPTIMIZATION_LEVEL = 0;
				GCC_PREPROCESSOR_DEFINITIONS = (
					"DEBUG=1",
					"$(inherited)",
				);
				GCC_WARN_64_TO_32_BIT_CONVERSION = YES;
				GCC_WARN_ABOUT_RETURN_TYPE = YES_ERROR;
				GCC_WARN_UNDECLARED_SELECTOR = YES;
				GCC_WARN_UNINITIALIZED_AUTOS = YES_AGGRESSIVE;
				GCC_WARN_UNUSED_FUNCTION = YES;
				GCC_WARN_UNUSED_VARIABLE = YES;
				IPHONEOS_DEPLOYMENT_TARGET = 16.2;
				MTL_ENABLE_DEBUG_INFO = INCLUDE_SOURCE;
				MTL_FAST_MATH = YES;
				ONLY_ACTIVE_ARCH = YES;
				SDKROOT = iphoneos;
				SWIFT_ACTIVE_COMPILATION_CONDITIONS = DEBUG;
				SWIFT_OPTIMIZATION_LEVEL = "-Onone";
			};
			name = Debug;
		};
		FAB7289F2A35AB8D00B73461 /* Release */ = {
			isa = XCBuildConfiguration;
			buildSettings = {
				ALWAYS_SEARCH_USER_PATHS = NO;
				CLANG_ANALYZER_NONNULL = YES;
				CLANG_ANALYZER_NUMBER_OBJECT_CONVERSION = YES_AGGRESSIVE;
				CLANG_CXX_LANGUAGE_STANDARD = "gnu++20";
				CLANG_ENABLE_MODULES = YES;
				CLANG_ENABLE_OBJC_ARC = YES;
				CLANG_ENABLE_OBJC_WEAK = YES;
				CLANG_WARN_BLOCK_CAPTURE_AUTORELEASING = YES;
				CLANG_WARN_BOOL_CONVERSION = YES;
				CLANG_WARN_COMMA = YES;
				CLANG_WARN_CONSTANT_CONVERSION = YES;
				CLANG_WARN_DEPRECATED_OBJC_IMPLEMENTATIONS = YES;
				CLANG_WARN_DIRECT_OBJC_ISA_USAGE = YES_ERROR;
				CLANG_WARN_DOCUMENTATION_COMMENTS = YES;
				CLANG_WARN_EMPTY_BODY = YES;
				CLANG_WARN_ENUM_CONVERSION = YES;
				CLANG_WARN_INFINITE_RECURSION = YES;
				CLANG_WARN_INT_CONVERSION = YES;
				CLANG_WARN_NON_LITERAL_NULL_CONVERSION = YES;
				CLANG_WARN_OBJC_IMPLICIT_RETAIN_SELF = YES;
				CLANG_WARN_OBJC_LITERAL_CONVERSION = YES;
				CLANG_WARN_OBJC_ROOT_CLASS = YES_ERROR;
				CLANG_WARN_QUOTED_INCLUDE_IN_FRAMEWORK_HEADER = YES;
				CLANG_WARN_RANGE_LOOP_ANALYSIS = YES;
				CLANG_WARN_STRICT_PROTOTYPES = YES;
				CLANG_WARN_SUSPICIOUS_MOVE = YES;
				CLANG_WARN_UNGUARDED_AVAILABILITY = YES_AGGRESSIVE;
				CLANG_WARN_UNREACHABLE_CODE = YES;
				CLANG_WARN__DUPLICATE_METHOD_MATCH = YES;
				COPY_PHASE_STRIP = NO;
				DEBUG_INFORMATION_FORMAT = "dwarf-with-dsym";
				ENABLE_NS_ASSERTIONS = NO;
				ENABLE_STRICT_OBJC_MSGSEND = YES;
				GCC_C_LANGUAGE_STANDARD = gnu11;
				GCC_NO_COMMON_BLOCKS = YES;
				GCC_WARN_64_TO_32_BIT_CONVERSION = YES;
				GCC_WARN_ABOUT_RETURN_TYPE = YES_ERROR;
				GCC_WARN_UNDECLARED_SELECTOR = YES;
				GCC_WARN_UNINITIALIZED_AUTOS = YES_AGGRESSIVE;
				GCC_WARN_UNUSED_FUNCTION = YES;
				GCC_WARN_UNUSED_VARIABLE = YES;
				IPHONEOS_DEPLOYMENT_TARGET = 16.2;
				MTL_ENABLE_DEBUG_INFO = NO;
				MTL_FAST_MATH = YES;
				SDKROOT = iphoneos;
				SWIFT_COMPILATION_MODE = wholemodule;
				SWIFT_OPTIMIZATION_LEVEL = "-O";
				VALIDATE_PRODUCT = YES;
			};
			name = Release;
		};
		FAB728A12A35AB8D00B73461 /* Debug */ = {
			isa = XCBuildConfiguration;
			buildSettings = {
				ASSETCATALOG_COMPILER_APPICON_NAME = AppIcon;
				ASSETCATALOG_COMPILER_GLOBAL_ACCENT_COLOR_NAME = AccentColor;
				CODE_SIGN_STYLE = Automatic;
				CURRENT_PROJECT_VERSION = 1;
				DEVELOPMENT_ASSET_PATHS = "\"KSCrashSample/Preview Content\"";
				DEVELOPMENT_TEAM = 4S2J2U2CD9;
				ENABLE_PREVIEWS = YES;
				GENERATE_INFOPLIST_FILE = YES;
				INFOPLIST_KEY_UIApplicationSceneManifest_Generation = YES;
				INFOPLIST_KEY_UIApplicationSupportsIndirectInputEvents = YES;
				INFOPLIST_KEY_UILaunchScreen_Generation = YES;
				INFOPLIST_KEY_UISupportedInterfaceOrientations_iPad = "UIInterfaceOrientationPortrait UIInterfaceOrientationPortraitUpsideDown UIInterfaceOrientationLandscapeLeft UIInterfaceOrientationLandscapeRight";
				INFOPLIST_KEY_UISupportedInterfaceOrientations_iPhone = "UIInterfaceOrientationPortrait UIInterfaceOrientationLandscapeLeft UIInterfaceOrientationLandscapeRight";
				LD_RUNPATH_SEARCH_PATHS = (
					"$(inherited)",
					"@executable_path/Frameworks",
				);
				MARKETING_VERSION = 1.0;
				PRODUCT_BUNDLE_IDENTIFIER = some.dev.KSCrashSample1;
				PRODUCT_NAME = "$(TARGET_NAME)";
				SWIFT_EMIT_LOC_STRINGS = YES;
				SWIFT_VERSION = 5.0;
				TARGETED_DEVICE_FAMILY = "1,2";
			};
			name = Debug;
		};
		FAB728A22A35AB8D00B73461 /* Release */ = {
			isa = XCBuildConfiguration;
			buildSettings = {
				ASSETCATALOG_COMPILER_APPICON_NAME = AppIcon;
				ASSETCATALOG_COMPILER_GLOBAL_ACCENT_COLOR_NAME = AccentColor;
				CODE_SIGN_STYLE = Automatic;
				CURRENT_PROJECT_VERSION = 1;
				DEVELOPMENT_ASSET_PATHS = "\"KSCrashSample/Preview Content\"";
				DEVELOPMENT_TEAM = 4S2J2U2CD9;
				ENABLE_PREVIEWS = YES;
				GENERATE_INFOPLIST_FILE = YES;
				INFOPLIST_KEY_UIApplicationSceneManifest_Generation = YES;
				INFOPLIST_KEY_UIApplicationSupportsIndirectInputEvents = YES;
				INFOPLIST_KEY_UILaunchScreen_Generation = YES;
				INFOPLIST_KEY_UISupportedInterfaceOrientations_iPad = "UIInterfaceOrientationPortrait UIInterfaceOrientationPortraitUpsideDown UIInterfaceOrientationLandscapeLeft UIInterfaceOrientationLandscapeRight";
				INFOPLIST_KEY_UISupportedInterfaceOrientations_iPhone = "UIInterfaceOrientationPortrait UIInterfaceOrientationLandscapeLeft UIInterfaceOrientationLandscapeRight";
				LD_RUNPATH_SEARCH_PATHS = (
					"$(inherited)",
					"@executable_path/Frameworks",
				);
				MARKETING_VERSION = 1.0;
				PRODUCT_BUNDLE_IDENTIFIER = some.dev.KSCrashSample1;
				PRODUCT_NAME = "$(TARGET_NAME)";
				SWIFT_EMIT_LOC_STRINGS = YES;
				SWIFT_VERSION = 5.0;
				TARGETED_DEVICE_FAMILY = "1,2";
			};
			name = Release;
		};
/* End XCBuildConfiguration section */

/* Begin XCConfigurationList section */
		FAB7288D2A35AB8B00B73461 /* Build configuration list for PBXProject "KSCrashSample" */ = {
			isa = XCConfigurationList;
			buildConfigurations = (
				FAB7289E2A35AB8D00B73461 /* Debug */,
				FAB7289F2A35AB8D00B73461 /* Release */,
			);
			defaultConfigurationIsVisible = 0;
			defaultConfigurationName = Release;
		};
		FAB728A02A35AB8D00B73461 /* Build configuration list for PBXNativeTarget "KSCrashSample" */ = {
			isa = XCConfigurationList;
			buildConfigurations = (
				FAB728A12A35AB8D00B73461 /* Debug */,
				FAB728A22A35AB8D00B73461 /* Release */,
			);
			defaultConfigurationIsVisible = 0;
			defaultConfigurationName = Release;
		};
/* End XCConfigurationList section */

/* Begin XCRemoteSwiftPackageReference section */
		FAB728A32A35AC7300B73461 /* XCRemoteSwiftPackageReference "KSCrash" */ = {
			isa = XCRemoteSwiftPackageReference;
			repositoryURL = "https://github.com/kstenerud/KSCrash";
			requirement = {
				kind = upToNextMajorVersion;
				minimumVersion = 1.0.0;
			};
		};
/* End XCRemoteSwiftPackageReference section */

/* Begin XCSwiftPackageProductDependency section */
		FAB728A42A35AC7300B73461 /* KSCrash */ = {
			isa = XCSwiftPackageProductDependency;
			package = FAB728A32A35AC7300B73461 /* XCRemoteSwiftPackageReference "KSCrash" */;
			productName = KSCrash;
		};
		FAB728A72A35B5E200B73461 /* KSCrash */ = {
			isa = XCSwiftPackageProductDependency;
			package = FAB728A32A35AC7300B73461 /* XCRemoteSwiftPackageReference "KSCrash" */;
			productName = KSCrash;
		};
/* End XCSwiftPackageProductDependency section */
	};
	rootObject = FAB7288A2A35AB8B00B73461 /* Project object */;
}
